
Microsoft Visual Studio Solution File, Format Version 12.00
# Visual Studio Version 16
VisualStudioVersion = 16.0.31515.178
MinimumVisualStudioVersion = 10.0.40219.1
Project("{9A19103F-16F7-4668-BE54-9A1E7A4F7556}") = "ChanoMod", "ChanoMod.csproj", "{55CF16B2-77C0-4DC1-9BE2-AEC991B036EE}"
EndProject
Global
	GlobalSection(SolutionConfigurationPlatforms) = preSolution
		Debug|Any CPU = Debug|Any CPU
		Release|Any CPU = Release|Any CPU
	EndGlobalSection
	GlobalSection(ProjectConfigurationPlatforms) = postSolution
		{55CF16B2-77C0-4DC1-9BE2-AEC991B036EE}.Debug|Any CPU.ActiveCfg = Debug|Any CPU
		{55CF16B2-77C0-4DC1-9BE2-AEC991B036EE}.Debug|Any CPU.Build.0 = Debug|Any CPU
		{55CF16B2-77C0-4DC1-9BE2-AEC991B036EE}.Release|Any CPU.ActiveCfg = Release|Any CPU
		{55CF16B2-77C0-4DC1-9BE2-AEC991B036EE}.Release|Any CPU.Build.0 = Release|Any CPU
	EndGlobalSection
	GlobalSection(SolutionProperties) = preSolution
		HideSolutionNode = FALSE
	EndGlobalSection
	GlobalSection(ExtensibilityGlobals) = postSolution
		SolutionGuid = {B0DEBDD5-E9D1-4DE1-B4C0-DC729D0161AF}
	EndGlobalSection
EndGlobal
